
Microsoft Visual Studio Solution File, Format Version 12.00
# Visual Studio 15
VisualStudioVersion = 15.0.27703.2042
MinimumVisualStudioVersion = 10.0.40219.1
Project("{FAE04EC0-301F-11D3-BF4B-00C04F79EFBC}") = "100uslug", "100uslug\100uslug.csproj", "{AEE6CCE8-A2A6-47DD-AA24-3599B27325C0}"
EndProject
Global
	GlobalSection(SolutionConfigurationPlatforms) = preSolution
		Debug|Any CPU = Debug|Any CPU
		Release|Any CPU = Release|Any CPU
	EndGlobalSection
	GlobalSection(ProjectConfigurationPlatforms) = postSolution
		{AEE6CCE8-A2A6-47DD-AA24-3599B27325C0}.Debug|Any CPU.ActiveCfg = Debug|Any CPU
		{AEE6CCE8-A2A6-47DD-AA24-3599B27325C0}.Debug|Any CPU.Build.0 = Debug|Any CPU
		{AEE6CCE8-A2A6-47DD-AA24-3599B27325C0}.Release|Any CPU.ActiveCfg = Release|Any CPU
		{AEE6CCE8-A2A6-47DD-AA24-3599B27325C0}.Release|Any CPU.Build.0 = Release|Any CPU
	EndGlobalSection
	GlobalSection(SolutionProperties) = preSolution
		HideSolutionNode = FALSE
	EndGlobalSection
	GlobalSection(ExtensibilityGlobals) = postSolution
		SolutionGuid = {068664A5-9FD1-4719-ACCA-3B34074AD856}
	EndGlobalSection
EndGlobal
